
Microsoft Visual Studio Solution File, Format Version 12.00
# Visual Studio Version 17
VisualStudioVersion = 17.10.35013.160
MinimumVisualStudioVersion = 10.0.40219.1
Project("{9A19103F-16F7-4668-BE54-9A1E7A4F7556}") = "StoreManagementSystem", "StoreManagementSystem.csproj", "{A847DDA7-7945-4646-BCB6-8327741C6C97}"
EndProject
Global
	GlobalSection(SolutionConfigurationPlatforms) = preSolution
		Debug|Any CPU = Debug|Any CPU
		Release|Any CPU = Release|Any CPU
	EndGlobalSection
	GlobalSection(ProjectConfigurationPlatforms) = postSolution
		{A847DDA7-7945-4646-BCB6-8327741C6C97}.Debug|Any CPU.ActiveCfg = Debug|Any CPU
		{A847DDA7-7945-4646-BCB6-8327741C6C97}.Debug|Any CPU.Build.0 = Debug|Any CPU
		{A847DDA7-7945-4646-BCB6-8327741C6C97}.Release|Any CPU.ActiveCfg = Release|Any CPU
		{A847DDA7-7945-4646-BCB6-8327741C6C97}.Release|Any CPU.Build.0 = Release|Any CPU
	EndGlobalSection
	GlobalSection(SolutionProperties) = preSolution
		HideSolutionNode = FALSE
	EndGlobalSection
	GlobalSection(ExtensibilityGlobals) = postSolution
		SolutionGuid = {621CF426-3AD4-4A19-95E5-73FBA64A8893}
	EndGlobalSection
EndGlobal
